
Microsoft Visual Studio Solution File, Format Version 12.00
# Visual Studio Version 17
VisualStudioVersion = 17.14.37411.7 d17.14
MinimumVisualStudioVersion = 10.0.40219.1
Project("{FAE04EC0-301F-11D3-BF4B-00C04F79EFBC}") = "MainLauncher", "MainLauncher\MainLauncher.csproj", "{FB452FBF-F14C-4345-A0E9-6B28830D4E37}"
EndProject
Project("{FAE04EC0-301F-11D3-BF4B-00C04F79EFBC}") = "Common", "Common\Common.csproj", "{FD2DB6F0-7FAC-45D9-AB57-4584442FE1EB}"
EndProject
Project("{FAE04EC0-301F-11D3-BF4B-00C04F79EFBC}") = "SharedUI", "SharedUI\SharedUI.csproj", "{C88C1B89-E6E9-4001-8050-05192C197F64}"
EndProject
Project("{FAE04EC0-301F-11D3-BF4B-00C04F79EFBC}") = "ModuleA", "Modules\ModuleA\ModuleA.csproj", "{C8DDE9FE-E120-479C-B6C0-F3E1B0DAFBF2}"
EndProject
Project("{FAE04EC0-301F-11D3-BF4B-00C04F79EFBC}") = "ModuleB", "Modules\ModuleB\ModuleB.csproj", "{97DB167A-F1B0-4BBA-95EB-195EE3B65841}"
EndProject
Project("{FAE04EC0-301F-11D3-BF4B-00C04F79EFBC}") = "ModuleC", "Modules\ModuleC\ModuleC.csproj", "{29D848B4-9213-46B3-8362-644AAC9D3500}"
EndProject
Project("{FAE04EC0-301F-11D3-BF4B-00C04F79EFBC}") = "ModuleD", "Modules\ModuleD\ModuleD.csproj", "{5A1B2C3D-4E5F-4678-9A0B-1C2D3E4F5A6B}"
EndProject
Project("{FAE04EC0-301F-11D3-BF4B-00C04F79EFBC}") = "ModuleE", "Modules\ModuleE\ModuleE.csproj", "{6B2C3D4E-5F60-4789-AA0B-2D3E4F5A6B7C}"
EndProject
Project("{FAE04EC0-301F-11D3-BF4B-00C04F79EFBC}") = "ModuleF", "Modules\ModuleF\ModuleF.csproj", "{34DBF542-F78F-4E48-8C17-40626EF024CF}"
EndProject
Global
	GlobalSection(SolutionConfigurationPlatforms) = preSolution
		Debug|ARM64 = Debug|ARM64
		Debug|x64 = Debug|x64
		Debug|x86 = Debug|x86
		Release|ARM64 = Release|ARM64
		Release|x64 = Release|x64
		Release|x86 = Release|x86
	EndGlobalSection
	GlobalSection(ProjectConfigurationPlatforms) = postSolution
		{FB452FBF-F14C-4345-A0E9-6B28830D4E37}.Debug|ARM64.ActiveCfg = Debug|ARM64
		{FB452FBF-F14C-4345-A0E9-6B28830D4E37}.Debug|ARM64.Build.0 = Debug|ARM64
		{FB452FBF-F14C-4345-A0E9-6B28830D4E37}.Debug|x64.ActiveCfg = Debug|x64
		{FB452FBF-F14C-4345-A0E9-6B28830D4E37}.Debug|x64.Build.0 = Debug|x64
		{FB452FBF-F14C-4345-A0E9-6B28830D4E37}.Debug|x86.ActiveCfg = Debug|x86
		{FB452FBF-F14C-4345-A0E9-6B28830D4E37}.Debug|x86.Build.0 = Debug|x86
		{FB452FBF-F14C-4345-A0E9-6B28830D4E37}.Release|ARM64.ActiveCfg = Release|ARM64
		{FB452FBF-F14C-4345-A0E9-6B28830D4E37}.Release|ARM64.Build.0 = Release|ARM64
		{FB452FBF-F14C-4345-A0E9-6B28830D4E37}.Release|x64.ActiveCfg = Release|x64
		{FB452FBF-F14C-4345-A0E9-6B28830D4E37}.Release|x64.Build.0 = Release|x64
		{FB452FBF-F14C-4345-A0E9-6B28830D4E37}.Release|x86.ActiveCfg = Release|x86
		{FB452FBF-F14C-4345-A0E9-6B28830D4E37}.Release|x86.Build.0 = Release|x86
		{FD2DB6F0-7FAC-45D9-AB57-4584442FE1EB}.Debug|ARM64.ActiveCfg = Debug|ARM64
		{FD2DB6F0-7FAC-45D9-AB57-4584442FE1EB}.Debug|ARM64.Build.0 = Debug|ARM64
		{FD2DB6F0-7FAC-45D9-AB57-4584442FE1EB}.Debug|x64.ActiveCfg = Debug|x64
		{FD2DB6F0-7FAC-45D9-AB57-4584442FE1EB}.Debug|x64.Build.0 = Debug|x64
		{FD2DB6F0-7FAC-45D9-AB57-4584442FE1EB}.Debug|x86.ActiveCfg = Debug|x86
		{FD2DB6F0-7FAC-45D9-AB57-4584442FE1EB}.Debug|x86.Build.0 = Debug|x86
		{FD2DB6F0-7FAC-45D9-AB57-4584442FE1EB}.Release|ARM64.ActiveCfg = Release|ARM64
		{FD2DB6F0-7FAC-45D9-AB57-4584442FE1EB}.Release|ARM64.Build.0 = Release|ARM64
		{FD2DB6F0-7FAC-45D9-AB57-4584442FE1EB}.Release|x64.ActiveCfg = Release|x64
		{FD2DB6F0-7FAC-45D9-AB57-4584442FE1EB}.Release|x64.Build.0 = Release|x64
		{FD2DB6F0-7FAC-45D9-AB57-4584442FE1EB}.Release|x86.ActiveCfg = Release|x86
		{FD2DB6F0-7FAC-45D9-AB57-4584442FE1EB}.Release|x86.Build.0 = Release|x86
		{C8DDE9FE-E120-479C-B6C0-F3E1B0DAFBF2}.Debug|ARM64.ActiveCfg = Debug|ARM64
		{C8DDE9FE-E120-479C-B6C0-F3E1B0DAFBF2}.Debug|ARM64.Build.0 = Debug|ARM64
		{C8DDE9FE-E120-479C-B6C0-F3E1B0DAFBF2}.Debug|x64.ActiveCfg = Debug|x64
		{C8DDE9FE-E120-479C-B6C0-F3E1B0DAFBF2}.Debug|x64.Build.0 = Debug|x64
		{C8DDE9FE-E120-479C-B6C0-F3E1B0DAFBF2}.Debug|x86.ActiveCfg = Debug|x86
		{C8DDE9FE-E120-479C-B6C0-F3E1B0DAFBF2}.Debug|x86.Build.0 = Debug|x86
		{C8DDE9FE-E120-479C-B6C0-F3E1B0DAFBF2}.Release|ARM64.ActiveCfg = Release|ARM64
		{C8DDE9FE-E120-479C-B6C0-F3E1B0DAFBF2}.Release|ARM64.Build.0 = Release|ARM64
		{C8DDE9FE-E120-479C-B6C0-F3E1B0DAFBF2}.Release|x64.ActiveCfg = Release|x64
		{C8DDE9FE-E120-479C-B6C0-F3E1B0DAFBF2}.Release|x64.Build.0 = Release|x64
		{C8DDE9FE-E120-479C-B6C0-F3E1B0DAFBF2}.Release|x86.ActiveCfg = Release|x86
		{C8DDE9FE-E120-479C-B6C0-F3E1B0DAFBF2}.Release|x86.Build.0 = Release|x86
		{97DB167A-F1B0-4BBA-95EB-195EE3B65841}.Debug|ARM64.ActiveCfg = Debug|ARM64
		{97DB167A-F1B0-4BBA-95EB-195EE3B65841}.Debug|ARM64.Build.0 = Debug|ARM64
		{97DB167A-F1B0-4BBA-95EB-195EE3B65841}.Debug|x64.ActiveCfg = Debug|x64
		{97DB167A-F1B0-4BBA-95EB-195EE3B65841}.Debug|x64.Build.0 = Debug|x64
		{97DB167A-F1B0-4BBA-95EB-195EE3B65841}.Debug|x86.ActiveCfg = Debug|x86
		{97DB167A-F1B0-4BBA-95EB-195EE3B65841}.Debug|x86.Build.0 = Debug|x86
		{97DB167A-F1B0-4BBA-95EB-195EE3B65841}.Release|ARM64.ActiveCfg = Release|ARM64
		{97DB167A-F1B0-4BBA-95EB-195EE3B65841}.Release|ARM64.Build.0 = Release|ARM64
		{97DB167A-F1B0-4BBA-95EB-195EE3B65841}.Release|x64.ActiveCfg = Release|x64
		{97DB167A-F1B0-4BBA-95EB-195EE3B65841}.Release|x64.Build.0 = Release|x64
		{97DB167A-F1B0-4BBA-95EB-195EE3B65841}.Release|x86.ActiveCfg = Release|x86
		{97DB167A-F1B0-4BBA-95EB-195EE3B65841}.Release|x86.Build.0 = Release|x86
		{C88C1B89-E6E9-4001-8050-05192C197F64}.Debug|ARM64.ActiveCfg = Debug|ARM64
		{C88C1B89-E6E9-4001-8050-05192C197F64}.Debug|ARM64.Build.0 = Debug|ARM64
		{C88C1B89-E6E9-4001-8050-05192C197F64}.Debug|x64.ActiveCfg = Debug|x64
		{C88C1B89-E6E9-4001-8050-05192C197F64}.Debug|x64.Build.0 = Debug|x64
		{C88C1B89-E6E9-4001-8050-05192C197F64}.Debug|x86.ActiveCfg = Debug|x86
		{C88C1B89-E6E9-4001-8050-05192C197F64}.Debug|x86.Build.0 = Debug|x86
		{C88C1B89-E6E9-4001-8050-05192C197F64}.Release|ARM64.ActiveCfg = Release|ARM64
		{C88C1B89-E6E9-4001-8050-05192C197F64}.Release|ARM64.Build.0 = Release|ARM64
		{C88C1B89-E6E9-4001-8050-05192C197F64}.Release|x64.ActiveCfg = Release|x64
		{C88C1B89-E6E9-4001-8050-05192C197F64}.Release|x64.Build.0 = Release|x64
		{C88C1B89-E6E9-4001-8050-05192C197F64}.Release|x86.ActiveCfg = Release|x86
		{C88C1B89-E6E9-4001-8050-05192C197F64}.Release|x86.Build.0 = Release|x86
		{29D848B4-9213-46B3-8362-644AAC9D3500}.Debug|ARM64.ActiveCfg = Debug|ARM64
		{29D848B4-9213-46B3-8362-644AAC9D3500}.Debug|ARM64.Build.0 = Debug|ARM64
		{29D848B4-9213-46B3-8362-644AAC9D3500}.Debug|x64.ActiveCfg = Debug|x64
		{29D848B4-9213-46B3-8362-644AAC9D3500}.Debug|x64.Build.0 = Debug|x64
		{29D848B4-9213-46B3-8362-644AAC9D3500}.Debug|x86.ActiveCfg = Debug|x86
		{29D848B4-9213-46B3-8362-644AAC9D3500}.Debug|x86.Build.0 = Debug|x86
		{29D848B4-9213-46B3-8362-644AAC9D3500}.Release|ARM64.ActiveCfg = Release|ARM64
		{29D848B4-9213-46B3-8362-644AAC9D3500}.Release|ARM64.Build.0 = Release|ARM64
		{29D848B4-9213-46B3-8362-644AAC9D3500}.Release|x64.ActiveCfg = Release|x64
		{29D848B4-9213-46B3-8362-644AAC9D3500}.Release|x64.Build.0 = Release|x64
		{29D848B4-9213-46B3-8362-644AAC9D3500}.Release|x86.ActiveCfg = Release|x86
		{29D848B4-9213-46B3-8362-644AAC9D3500}.Release|x86.Build.0 = Release|x86
		{5A1B2C3D-4E5F-4678-9A0B-1C2D3E4F5A6B}.Debug|ARM64.ActiveCfg = Debug|ARM64
		{5A1B2C3D-4E5F-4678-9A0B-1C2D3E4F5A6B}.Debug|ARM64.Build.0 = Debug|ARM64
		{5A1B2C3D-4E5F-4678-9A0B-1C2D3E4F5A6B}.Debug|x64.ActiveCfg = Debug|x64
		{5A1B2C3D-4E5F-4678-9A0B-1C2D3E4F5A6B}.Debug|x64.Build.0 = Debug|x64
		{5A1B2C3D-4E5F-4678-9A0B-1C2D3E4F5A6B}.Debug|x86.ActiveCfg = Debug|x86
		{5A1B2C3D-4E5F-4678-9A0B-1C2D3E4F5A6B}.Debug|x86.Build.0 = Debug|x86
		{5A1B2C3D-4E5F-4678-9A0B-1C2D3E4F5A6B}.Release|ARM64.ActiveCfg = Release|ARM64
		{5A1B2C3D-4E5F-4678-9A0B-1C2D3E4F5A6B}.Release|ARM64.Build.0 = Release|ARM64
		{5A1B2C3D-4E5F-4678-9A0B-1C2D3E4F5A6B}.Release|x64.ActiveCfg = Release|x64
		{5A1B2C3D-4E5F-4678-9A0B-1C2D3E4F5A6B}.Release|x64.Build.0 = Release|x64
		{5A1B2C3D-4E5F-4678-9A0B-1C2D3E4F5A6B}.Release|x86.ActiveCfg = Release|x86
		{5A1B2C3D-4E5F-4678-9A0B-1C2D3E4F5A6B}.Release|x86.Build.0 = Release|x86
		{6B2C3D4E-5F60-4789-AA0B-2D3E4F5A6B7C}.Debug|ARM64.ActiveCfg = Debug|ARM64
		{6B2C3D4E-5F60-4789-AA0B-2D3E4F5A6B7C}.Debug|ARM64.Build.0 = Debug|ARM64
		{6B2C3D4E-5F60-4789-AA0B-2D3E4F5A6B7C}.Debug|x64.ActiveCfg = Debug|x64
		{6B2C3D4E-5F60-4789-AA0B-2D3E4F5A6B7C}.Debug|x64.Build.0 = Debug|x64
		{6B2C3D4E-5F60-4789-AA0B-2D3E4F5A6B7C}.Debug|x86.ActiveCfg = Debug|x86
		{6B2C3D4E-5F60-4789-AA0B-2D3E4F5A6B7C}.Debug|x86.Build.0 = Debug|x86
		{6B2C3D4E-5F60-4789-AA0B-2D3E4F5A6B7C}.Release|ARM64.ActiveCfg = Release|ARM64
		{6B2C3D4E-5F60-4789-AA0B-2D3E4F5A6B7C}.Release|ARM64.Build.0 = Release|ARM64
		{6B2C3D4E-5F60-4789-AA0B-2D3E4F5A6B7C}.Release|x64.ActiveCfg = Release|x64
		{6B2C3D4E-5F60-4789-AA0B-2D3E4F5A6B7C}.Release|x64.Build.0 = Release|x64
		{6B2C3D4E-5F60-4789-AA0B-2D3E4F5A6B7C}.Release|x86.ActiveCfg = Release|x86
		{6B2C3D4E-5F60-4789-AA0B-2D3E4F5A6B7C}.Release|x86.Build.0 = Release|x86
		{34DBF542-F78F-4E48-8C17-40626EF024CF}.Debug|ARM64.ActiveCfg = Debug|ARM64
		{34DBF542-F78F-4E48-8C17-40626EF024CF}.Debug|ARM64.Build.0 = Debug|ARM64
		{34DBF542-F78F-4E48-8C17-40626EF024CF}.Debug|x64.ActiveCfg = Debug|x64
		{34DBF542-F78F-4E48-8C17-40626EF024CF}.Debug|x64.Build.0 = Debug|x64
		{34DBF542-F78F-4E48-8C17-40626EF024CF}.Debug|x86.ActiveCfg = Debug|x86
		{34DBF542-F78F-4E48-8C17-40626EF024CF}.Debug|x86.Build.0 = Debug|x86
		{34DBF542-F78F-4E48-8C17-40626EF024CF}.Release|ARM64.ActiveCfg = Release|ARM64
		{34DBF542-F78F-4E48-8C17-40626EF024CF}.Release|ARM64.Build.0 = Release|ARM64
		{34DBF542-F78F-4E48-8C17-40626EF024CF}.Release|x64.ActiveCfg = Release|x64
		{34DBF542-F78F-4E48-8C17-40626EF024CF}.Release|x64.Build.0 = Release|x64
		{34DBF542-F78F-4E48-8C17-40626EF024CF}.Release|x86.ActiveCfg = Release|x86
		{34DBF542-F78F-4E48-8C17-40626EF024CF}.Release|x86.Build.0 = Release|x86
	EndGlobalSection
	GlobalSection(SolutionProperties) = preSolution
		HideSolutionNode = FALSE
	EndGlobalSection
	GlobalSection(ExtensibilityGlobals) = postSolution
		SolutionGuid = {65CBC596-DEEC-4E33-9954-DF7A79641AEF}
	EndGlobalSection
EndGlobal
